
Microsoft Visual Studio Solution File, Format Version 12.00
# Visual Studio Version 17
VisualStudioVersion = 17.4.33205.214
MinimumVisualStudioVersion = 10.0.40219.1
Project("{FAE04EC0-301F-11D3-BF4B-00C04F79EFBC}") = "CaseNotes SQLite password cracker", "CaseNotes SQLite password cracker\CaseNotes SQLite password cracker.csproj", "{636CF391-B3BA-4468-8A51-C4E02BB615E8}"
EndProject
Global
	GlobalSection(SolutionConfigurationPlatforms) = preSolution
		Debug|Any CPU = Debug|Any CPU
		Release|Any CPU = Release|Any CPU
	EndGlobalSection
	GlobalSection(ProjectConfigurationPlatforms) = postSolution
		{636CF391-B3BA-4468-8A51-C4E02BB615E8}.Debug|Any CPU.ActiveCfg = Debug|Any CPU
		{636CF391-B3BA-4468-8A51-C4E02BB615E8}.Debug|Any CPU.Build.0 = Debug|Any CPU
		{636CF391-B3BA-4468-8A51-C4E02BB615E8}.Release|Any CPU.ActiveCfg = Release|Any CPU
		{636CF391-B3BA-4468-8A51-C4E02BB615E8}.Release|Any CPU.Build.0 = Release|Any CPU
	EndGlobalSection
	GlobalSection(SolutionProperties) = preSolution
		HideSolutionNode = FALSE
	EndGlobalSection
	GlobalSection(ExtensibilityGlobals) = postSolution
		SolutionGuid = {64F5F53B-2234-44C4-8EF9-61D260A2DC39}
	EndGlobalSection
EndGlobal
